
Microsoft Visual Studio Solution File, Format Version 12.00
# Visual Studio Version 17
VisualStudioVersion = 17.5.2.0
MinimumVisualStudioVersion = 10.0.40219.1
Project("{FAE04EC0-301F-11D3-BF4B-00C04F79EFBC}") = "SK4", "SK4\SK4.csproj", "{38AEFB27-9494-433B-A829-52351F6B1C90}"
EndProject
Project("{FAE04EC0-301F-11D3-BF4B-00C04F79EFBC}") = "SK4-RabbitProd", "SK4-RabbitProd\SK4-RabbitProd.csproj", "{5641206E-7297-4F33-BB1C-B9CD748C90BC}"
EndProject
Project("{FAE04EC0-301F-11D3-BF4B-00C04F79EFBC}") = "SK4-RabbitCons", "SK4-RabbitCons\SK4-RabbitCons.csproj", "{5C04731F-F424-468F-868A-600DD4A29F77}"
EndProject
Project("{FAE04EC0-301F-11D3-BF4B-00C04F79EFBC}") = "SK5", "SK5\SK5.csproj", "{5706E751-3CE7-4BD3-8F9B-0B2378EB372C}"
EndProject
Project("{FAE04EC0-301F-11D3-BF4B-00C04F79EFBC}") = "SK5.Tests", "SK5.Tests\SK5.Tests.csproj", "{4E91FDB2-348E-4A10-8D63-B12D7B512D12}"
EndProject
Project("{FAE04EC0-301F-11D3-BF4B-00C04F79EFBC}") = "SK5.xUnit.Math", "SK5.xUnit.Math\SK5.xUnit.Math.csproj", "{4ECE26C5-400E-4FA8-A444-858DDCEAB757}"
EndProject
Project("{FAE04EC0-301F-11D3-BF4B-00C04F79EFBC}") = "SK6", "SK6\SK6.csproj", "{FFF39293-68B3-4EE5-8B34-821640F72793}"
EndProject
Project("{FAE04EC0-301F-11D3-BF4B-00C04F79EFBC}") = "SK6-Azure", "SK6-Azure\SK6-Azure.csproj", "{6B3655BB-6E4F-46C4-8A20-6D6AD07C9B97}"
EndProject
Project("{FAE04EC0-301F-11D3-BF4B-00C04F79EFBC}") = "SK6-Serilog", "SK6-Serilog\SK6-Serilog.csproj", "{E67B2278-0FA4-4BA4-A50E-3145C8CCD230}"
EndProject
Global
	GlobalSection(SolutionConfigurationPlatforms) = preSolution
		Debug|Any CPU = Debug|Any CPU
		Debug|x64 = Debug|x64
		Debug|x86 = Debug|x86
		Release|Any CPU = Release|Any CPU
		Release|x64 = Release|x64
		Release|x86 = Release|x86
	EndGlobalSection
	GlobalSection(ProjectConfigurationPlatforms) = postSolution
		{38AEFB27-9494-433B-A829-52351F6B1C90}.Debug|Any CPU.ActiveCfg = Debug|Any CPU
		{38AEFB27-9494-433B-A829-52351F6B1C90}.Debug|Any CPU.Build.0 = Debug|Any CPU
		{38AEFB27-9494-433B-A829-52351F6B1C90}.Debug|x64.ActiveCfg = Debug|Any CPU
		{38AEFB27-9494-433B-A829-52351F6B1C90}.Debug|x64.Build.0 = Debug|Any CPU
		{38AEFB27-9494-433B-A829-52351F6B1C90}.Debug|x86.ActiveCfg = Debug|Any CPU
		{38AEFB27-9494-433B-A829-52351F6B1C90}.Debug|x86.Build.0 = Debug|Any CPU
		{38AEFB27-9494-433B-A829-52351F6B1C90}.Release|Any CPU.ActiveCfg = Release|Any CPU
		{38AEFB27-9494-433B-A829-52351F6B1C90}.Release|Any CPU.Build.0 = Release|Any CPU
		{38AEFB27-9494-433B-A829-52351F6B1C90}.Release|x64.ActiveCfg = Release|Any CPU
		{38AEFB27-9494-433B-A829-52351F6B1C90}.Release|x64.Build.0 = Release|Any CPU
		{38AEFB27-9494-433B-A829-52351F6B1C90}.Release|x86.ActiveCfg = Release|Any CPU
		{38AEFB27-9494-433B-A829-52351F6B1C90}.Release|x86.Build.0 = Release|Any CPU
		{5641206E-7297-4F33-BB1C-B9CD748C90BC}.Debug|Any CPU.ActiveCfg = Debug|Any CPU
		{5641206E-7297-4F33-BB1C-B9CD748C90BC}.Debug|Any CPU.Build.0 = Debug|Any CPU
		{5641206E-7297-4F33-BB1C-B9CD748C90BC}.Debug|x64.ActiveCfg = Debug|Any CPU
		{5641206E-7297-4F33-BB1C-B9CD748C90BC}.Debug|x64.Build.0 = Debug|Any CPU
		{5641206E-7297-4F33-BB1C-B9CD748C90BC}.Debug|x86.ActiveCfg = Debug|Any CPU
		{5641206E-7297-4F33-BB1C-B9CD748C90BC}.Debug|x86.Build.0 = Debug|Any CPU
		{5641206E-7297-4F33-BB1C-B9CD748C90BC}.Release|Any CPU.ActiveCfg = Release|Any CPU
		{5641206E-7297-4F33-BB1C-B9CD748C90BC}.Release|Any CPU.Build.0 = Release|Any CPU
		{5641206E-7297-4F33-BB1C-B9CD748C90BC}.Release|x64.ActiveCfg = Release|Any CPU
		{5641206E-7297-4F33-BB1C-B9CD748C90BC}.Release|x64.Build.0 = Release|Any CPU
		{5641206E-7297-4F33-BB1C-B9CD748C90BC}.Release|x86.ActiveCfg = Release|Any CPU
		{5641206E-7297-4F33-BB1C-B9CD748C90BC}.Release|x86.Build.0 = Release|Any CPU
		{5C04731F-F424-468F-868A-600DD4A29F77}.Debug|Any CPU.ActiveCfg = Debug|Any CPU
		{5C04731F-F424-468F-868A-600DD4A29F77}.Debug|Any CPU.Build.0 = Debug|Any CPU
		{5C04731F-F424-468F-868A-600DD4A29F77}.Debug|x64.ActiveCfg = Debug|Any CPU
		{5C04731F-F424-468F-868A-600DD4A29F77}.Debug|x64.Build.0 = Debug|Any CPU
		{5C04731F-F424-468F-868A-600DD4A29F77}.Debug|x86.ActiveCfg = Debug|Any CPU
		{5C04731F-F424-468F-868A-600DD4A29F77}.Debug|x86.Build.0 = Debug|Any CPU
		{5C04731F-F424-468F-868A-600DD4A29F77}.Release|Any CPU.ActiveCfg = Release|Any CPU
		{5C04731F-F424-468F-868A-600DD4A29F77}.Release|Any CPU.Build.0 = Release|Any CPU
		{5C04731F-F424-468F-868A-600DD4A29F77}.Release|x64.ActiveCfg = Release|Any CPU
		{5C04731F-F424-468F-868A-600DD4A29F77}.Release|x64.Build.0 = Release|Any CPU
		{5C04731F-F424-468F-868A-600DD4A29F77}.Release|x86.ActiveCfg = Release|Any CPU
		{5C04731F-F424-468F-868A-600DD4A29F77}.Release|x86.Build.0 = Release|Any CPU
		{5706E751-3CE7-4BD3-8F9B-0B2378EB372C}.Debug|Any CPU.ActiveCfg = Debug|Any CPU
		{5706E751-3CE7-4BD3-8F9B-0B2378EB372C}.Debug|Any CPU.Build.0 = Debug|Any CPU
		{5706E751-3CE7-4BD3-8F9B-0B2378EB372C}.Debug|x64.ActiveCfg = Debug|Any CPU
		{5706E751-3CE7-4BD3-8F9B-0B2378EB372C}.Debug|x64.Build.0 = Debug|Any CPU
		{5706E751-3CE7-4BD3-8F9B-0B2378EB372C}.Debug|x86.ActiveCfg = Debug|Any CPU
		{5706E751-3CE7-4BD3-8F9B-0B2378EB372C}.Debug|x86.Build.0 = Debug|Any CPU
		{5706E751-3CE7-4BD3-8F9B-0B2378EB372C}.Release|Any CPU.ActiveCfg = Release|Any CPU
		{5706E751-3CE7-4BD3-8F9B-0B2378EB372C}.Release|Any CPU.Build.0 = Release|Any CPU
		{5706E751-3CE7-4BD3-8F9B-0B2378EB372C}.Release|x64.ActiveCfg = Release|Any CPU
		{5706E751-3CE7-4BD3-8F9B-0B2378EB372C}.Release|x64.Build.0 = Release|Any CPU
		{5706E751-3CE7-4BD3-8F9B-0B2378EB372C}.Release|x86.ActiveCfg = Release|Any CPU
		{5706E751-3CE7-4BD3-8F9B-0B2378EB372C}.Release|x86.Build.0 = Release|Any CPU
		{4E91FDB2-348E-4A10-8D63-B12D7B512D12}.Debug|Any CPU.ActiveCfg = Debug|Any CPU
		{4E91FDB2-348E-4A10-8D63-B12D7B512D12}.Debug|Any CPU.Build.0 = Debug|Any CPU
		{4E91FDB2-348E-4A10-8D63-B12D7B512D12}.Debug|x64.ActiveCfg = Debug|Any CPU
		{4E91FDB2-348E-4A10-8D63-B12D7B512D12}.Debug|x64.Build.0 = Debug|Any CPU
		{4E91FDB2-348E-4A10-8D63-B12D7B512D12}.Debug|x86.ActiveCfg = Debug|Any CPU
		{4E91FDB2-348E-4A10-8D63-B12D7B512D12}.Debug|x86.Build.0 = Debug|Any CPU
		{4E91FDB2-348E-4A10-8D63-B12D7B512D12}.Release|Any CPU.ActiveCfg = Release|Any CPU
		{4E91FDB2-348E-4A10-8D63-B12D7B512D12}.Release|Any CPU.Build.0 = Release|Any CPU
		{4E91FDB2-348E-4A10-8D63-B12D7B512D12}.Release|x64.ActiveCfg = Release|Any CPU
		{4E91FDB2-348E-4A10-8D63-B12D7B512D12}.Release|x64.Build.0 = Release|Any CPU
		{4E91FDB2-348E-4A10-8D63-B12D7B512D12}.Release|x86.ActiveCfg = Release|Any CPU
		{4E91FDB2-348E-4A10-8D63-B12D7B512D12}.Release|x86.Build.0 = Release|Any CPU
		{4ECE26C5-400E-4FA8-A444-858DDCEAB757}.Debug|Any CPU.ActiveCfg = Debug|Any CPU
		{4ECE26C5-400E-4FA8-A444-858DDCEAB757}.Debug|Any CPU.Build.0 = Debug|Any CPU
		{4ECE26C5-400E-4FA8-A444-858DDCEAB757}.Debug|x64.ActiveCfg = Debug|Any CPU
		{4ECE26C5-400E-4FA8-A444-858DDCEAB757}.Debug|x64.Build.0 = Debug|Any CPU
		{4ECE26C5-400E-4FA8-A444-858DDCEAB757}.Debug|x86.ActiveCfg = Debug|Any CPU
		{4ECE26C5-400E-4FA8-A444-858DDCEAB757}.Debug|x86.Build.0 = Debug|Any CPU
		{4ECE26C5-400E-4FA8-A444-858DDCEAB757}.Release|Any CPU.ActiveCfg = Release|Any CPU
		{4ECE26C5-400E-4FA8-A444-858DDCEAB757}.Release|Any CPU.Build.0 = Release|Any CPU
		{4ECE26C5-400E-4FA8-A444-858DDCEAB757}.Release|x64.ActiveCfg = Release|Any CPU
		{4ECE26C5-400E-4FA8-A444-858DDCEAB757}.Release|x64.Build.0 = Release|Any CPU
		{4ECE26C5-400E-4FA8-A444-858DDCEAB757}.Release|x86.ActiveCfg = Release|Any CPU
		{4ECE26C5-400E-4FA8-A444-858DDCEAB757}.Release|x86.Build.0 = Release|Any CPU
		{FFF39293-68B3-4EE5-8B34-821640F72793}.Debug|Any CPU.ActiveCfg = Debug|Any CPU
		{FFF39293-68B3-4EE5-8B34-821640F72793}.Debug|Any CPU.Build.0 = Debug|Any CPU
		{FFF39293-68B3-4EE5-8B34-821640F72793}.Debug|x64.ActiveCfg = Debug|Any CPU
		{FFF39293-68B3-4EE5-8B34-821640F72793}.Debug|x64.Build.0 = Debug|Any CPU
		{FFF39293-68B3-4EE5-8B34-821640F72793}.Debug|x86.ActiveCfg = Debug|Any CPU
		{FFF39293-68B3-4EE5-8B34-821640F72793}.Debug|x86.Build.0 = Debug|Any CPU
		{FFF39293-68B3-4EE5-8B34-821640F72793}.Release|Any CPU.ActiveCfg = Release|Any CPU
		{FFF39293-68B3-4EE5-8B34-821640F72793}.Release|Any CPU.Build.0 = Release|Any CPU
		{FFF39293-68B3-4EE5-8B34-821640F72793}.Release|x64.ActiveCfg = Release|Any CPU
		{FFF39293-68B3-4EE5-8B34-821640F72793}.Release|x64.Build.0 = Release|Any CPU
		{FFF39293-68B3-4EE5-8B34-821640F72793}.Release|x86.ActiveCfg = Release|Any CPU
		{FFF39293-68B3-4EE5-8B34-821640F72793}.Release|x86.Build.0 = Release|Any CPU
		{6B3655BB-6E4F-46C4-8A20-6D6AD07C9B97}.Debug|Any CPU.ActiveCfg = Debug|Any CPU
		{6B3655BB-6E4F-46C4-8A20-6D6AD07C9B97}.Debug|Any CPU.Build.0 = Debug|Any CPU
		{6B3655BB-6E4F-46C4-8A20-6D6AD07C9B97}.Debug|x64.ActiveCfg = Debug|Any CPU
		{6B3655BB-6E4F-46C4-8A20-6D6AD07C9B97}.Debug|x64.Build.0 = Debug|Any CPU
		{6B3655BB-6E4F-46C4-8A20-6D6AD07C9B97}.Debug|x86.ActiveCfg = Debug|Any CPU
		{6B3655BB-6E4F-46C4-8A20-6D6AD07C9B97}.Debug|x86.Build.0 = Debug|Any CPU
		{6B3655BB-6E4F-46C4-8A20-6D6AD07C9B97}.Release|Any CPU.ActiveCfg = Release|Any CPU
		{6B3655BB-6E4F-46C4-8A20-6D6AD07C9B97}.Release|Any CPU.Build.0 = Release|Any CPU
		{6B3655BB-6E4F-46C4-8A20-6D6AD07C9B97}.Release|x64.ActiveCfg = Release|Any CPU
		{6B3655BB-6E4F-46C4-8A20-6D6AD07C9B97}.Release|x64.Build.0 = Release|Any CPU
		{6B3655BB-6E4F-46C4-8A20-6D6AD07C9B97}.Release|x86.ActiveCfg = Release|Any CPU
		{6B3655BB-6E4F-46C4-8A20-6D6AD07C9B97}.Release|x86.Build.0 = Release|Any CPU
		{E67B2278-0FA4-4BA4-A50E-3145C8CCD230}.Debug|Any CPU.ActiveCfg = Debug|Any CPU
		{E67B2278-0FA4-4BA4-A50E-3145C8CCD230}.Debug|Any CPU.Build.0 = Debug|Any CPU
		{E67B2278-0FA4-4BA4-A50E-3145C8CCD230}.Debug|x64.ActiveCfg = Debug|Any CPU
		{E67B2278-0FA4-4BA4-A50E-3145C8CCD230}.Debug|x64.Build.0 = Debug|Any CPU
		{E67B2278-0FA4-4BA4-A50E-3145C8CCD230}.Debug|x86.ActiveCfg = Debug|Any CPU
		{E67B2278-0FA4-4BA4-A50E-3145C8CCD230}.Debug|x86.Build.0 = Debug|Any CPU
		{E67B2278-0FA4-4BA4-A50E-3145C8CCD230}.Release|Any CPU.ActiveCfg = Release|Any CPU
		{E67B2278-0FA4-4BA4-A50E-3145C8CCD230}.Release|Any CPU.Build.0 = Release|Any CPU
		{E67B2278-0FA4-4BA4-A50E-3145C8CCD230}.Release|x64.ActiveCfg = Release|Any CPU
		{E67B2278-0FA4-4BA4-A50E-3145C8CCD230}.Release|x64.Build.0 = Release|Any CPU
		{E67B2278-0FA4-4BA4-A50E-3145C8CCD230}.Release|x86.ActiveCfg = Release|Any CPU
		{E67B2278-0FA4-4BA4-A50E-3145C8CCD230}.Release|x86.Build.0 = Release|Any CPU
	EndGlobalSection
	GlobalSection(SolutionProperties) = preSolution
		HideSolutionNode = FALSE
	EndGlobalSection
EndGlobal
