
Microsoft Visual Studio Solution File, Format Version 12.00
# Visual Studio Version 17
VisualStudioVersion = 17.5.2.0
MinimumVisualStudioVersion = 10.0.40219.1
Project("{FAE04EC0-301F-11D3-BF4B-00C04F79EFBC}") = "SK4", "SK4\SK4.csproj", "{38AEFB27-9494-433B-A829-52351F6B1C90}"
EndProject
Project("{FAE04EC0-301F-11D3-BF4B-00C04F79EFBC}") = "SK4-RabbitProd", "SK4-RabbitProd\SK4-RabbitProd.csproj", "{5641206E-7297-4F33-BB1C-B9CD748C90BC}"
EndProject
Project("{FAE04EC0-301F-11D3-BF4B-00C04F79EFBC}") = "SK4-RabbitCons", "SK4-RabbitCons\SK4-RabbitCons.csproj", "{5C04731F-F424-468F-868A-600DD4A29F77}"
EndProject
Global
	GlobalSection(SolutionConfigurationPlatforms) = preSolution
		Debug|Any CPU = Debug|Any CPU
		Debug|x64 = Debug|x64
		Debug|x86 = Debug|x86
		Release|Any CPU = Release|Any CPU
		Release|x64 = Release|x64
		Release|x86 = Release|x86
	EndGlobalSection
	GlobalSection(ProjectConfigurationPlatforms) = postSolution
		{38AEFB27-9494-433B-A829-52351F6B1C90}.Debug|Any CPU.ActiveCfg = Debug|Any CPU
		{38AEFB27-9494-433B-A829-52351F6B1C90}.Debug|Any CPU.Build.0 = Debug|Any CPU
		{38AEFB27-9494-433B-A829-52351F6B1C90}.Debug|x64.ActiveCfg = Debug|Any CPU
		{38AEFB27-9494-433B-A829-52351F6B1C90}.Debug|x64.Build.0 = Debug|Any CPU
		{38AEFB27-9494-433B-A829-52351F6B1C90}.Debug|x86.ActiveCfg = Debug|Any CPU
		{38AEFB27-9494-433B-A829-52351F6B1C90}.Debug|x86.Build.0 = Debug|Any CPU
		{38AEFB27-9494-433B-A829-52351F6B1C90}.Release|Any CPU.ActiveCfg = Release|Any CPU
		{38AEFB27-9494-433B-A829-52351F6B1C90}.Release|Any CPU.Build.0 = Release|Any CPU
		{38AEFB27-9494-433B-A829-52351F6B1C90}.Release|x64.ActiveCfg = Release|Any CPU
		{38AEFB27-9494-433B-A829-52351F6B1C90}.Release|x64.Build.0 = Release|Any CPU
		{38AEFB27-9494-433B-A829-52351F6B1C90}.Release|x86.ActiveCfg = Release|Any CPU
		{38AEFB27-9494-433B-A829-52351F6B1C90}.Release|x86.Build.0 = Release|Any CPU
		{5641206E-7297-4F33-BB1C-B9CD748C90BC}.Debug|Any CPU.ActiveCfg = Debug|Any CPU
		{5641206E-7297-4F33-BB1C-B9CD748C90BC}.Debug|Any CPU.Build.0 = Debug|Any CPU
		{5641206E-7297-4F33-BB1C-B9CD748C90BC}.Debug|x64.ActiveCfg = Debug|Any CPU
		{5641206E-7297-4F33-BB1C-B9CD748C90BC}.Debug|x64.Build.0 = Debug|Any CPU
		{5641206E-7297-4F33-BB1C-B9CD748C90BC}.Debug|x86.ActiveCfg = Debug|Any CPU
		{5641206E-7297-4F33-BB1C-B9CD748C90BC}.Debug|x86.Build.0 = Debug|Any CPU
		{5641206E-7297-4F33-BB1C-B9CD748C90BC}.Release|Any CPU.ActiveCfg = Release|Any CPU
		{5641206E-7297-4F33-BB1C-B9CD748C90BC}.Release|Any CPU.Build.0 = Release|Any CPU
		{5641206E-7297-4F33-BB1C-B9CD748C90BC}.Release|x64.ActiveCfg = Release|Any CPU
		{5641206E-7297-4F33-BB1C-B9CD748C90BC}.Release|x64.Build.0 = Release|Any CPU
		{5641206E-7297-4F33-BB1C-B9CD748C90BC}.Release|x86.ActiveCfg = Release|Any CPU
		{5641206E-7297-4F33-BB1C-B9CD748C90BC}.Release|x86.Build.0 = Release|Any CPU
		{5C04731F-F424-468F-868A-600DD4A29F77}.Debug|Any CPU.ActiveCfg = Debug|Any CPU
		{5C04731F-F424-468F-868A-600DD4A29F77}.Debug|Any CPU.Build.0 = Debug|Any CPU
		{5C04731F-F424-468F-868A-600DD4A29F77}.Debug|x64.ActiveCfg = Debug|Any CPU
		{5C04731F-F424-468F-868A-600DD4A29F77}.Debug|x64.Build.0 = Debug|Any CPU
		{5C04731F-F424-468F-868A-600DD4A29F77}.Debug|x86.ActiveCfg = Debug|Any CPU
		{5C04731F-F424-468F-868A-600DD4A29F77}.Debug|x86.Build.0 = Debug|Any CPU
		{5C04731F-F424-468F-868A-600DD4A29F77}.Release|Any CPU.ActiveCfg = Release|Any CPU
		{5C04731F-F424-468F-868A-600DD4A29F77}.Release|Any CPU.Build.0 = Release|Any CPU
		{5C04731F-F424-468F-868A-600DD4A29F77}.Release|x64.ActiveCfg = Release|Any CPU
		{5C04731F-F424-468F-868A-600DD4A29F77}.Release|x64.Build.0 = Release|Any CPU
		{5C04731F-F424-468F-868A-600DD4A29F77}.Release|x86.ActiveCfg = Release|Any CPU
		{5C04731F-F424-468F-868A-600DD4A29F77}.Release|x86.Build.0 = Release|Any CPU
	EndGlobalSection
	GlobalSection(SolutionProperties) = preSolution
		HideSolutionNode = FALSE
	EndGlobalSection
EndGlobal
