
Microsoft Visual Studio Solution File, Format Version 12.00
# Visual Studio Version 17
VisualStudioVersion = 17.5.2.0
MinimumVisualStudioVersion = 10.0.40219.1
Project("{FAE04EC0-301F-11D3-BF4B-00C04F79EFBC}") = "SemanticKernelGeminiSample", "SemanticKernelGeminiSample.csproj", "{D0C28540-C40D-1007-8631-80E071CD9C63}"
EndProject
Project("{FAE04EC0-301F-11D3-BF4B-00C04F79EFBC}") = "SK3-Memory", "SK3-Memory\SK3-Memory.csproj", "{7828CA87-2219-4448-917D-28A380647E78}"
EndProject
Project("{FAE04EC0-301F-11D3-BF4B-00C04F79EFBC}") = "SK3-Persistente", "SK3-Persistente\SK3-Persistente.csproj", "{10601C81-9D48-4A39-A1E7-03AC10B662C2}"
EndProject
Project("{FAE04EC0-301F-11D3-BF4B-00C04F79EFBC}") = "SK3-PersistenteKernel", "SK3-PersistenteKernel\SK3-PersistenteKernel.csproj", "{41A91C19-F8FD-429E-BE58-8509D0D15050}"
EndProject
Project("{FAE04EC0-301F-11D3-BF4B-00C04F79EFBC}") = "SK3-PersistenteKernelPrune", "SK3-PersistenteKernelPrune\SK3-PersistenteKernelPrune.csproj", "{D497E142-EED1-4463-AAA7-6E8DC6D50472}"
EndProject
Project("{FAE04EC0-301F-11D3-BF4B-00C04F79EFBC}") = "SK3-ListUserHistories", "SK3-ListUserHistories\SK3-ListUserHistories.csproj", "{AAF8E020-1197-4CE2-8227-9FAAA596919D}"
EndProject
Project("{FAE04EC0-301F-11D3-BF4B-00C04F79EFBC}") = "SK3-Orch", "SK3-Orch\SK3-Orch.csproj", "{F2909E49-8FC8-4EFF-9AA9-4A7E4F64E0E6}"
EndProject
Global
	GlobalSection(SolutionConfigurationPlatforms) = preSolution
		Debug|Any CPU = Debug|Any CPU
		Debug|x64 = Debug|x64
		Debug|x86 = Debug|x86
		Release|Any CPU = Release|Any CPU
		Release|x64 = Release|x64
		Release|x86 = Release|x86
	EndGlobalSection
	GlobalSection(ProjectConfigurationPlatforms) = postSolution
		{D0C28540-C40D-1007-8631-80E071CD9C63}.Debug|Any CPU.ActiveCfg = Debug|Any CPU
		{D0C28540-C40D-1007-8631-80E071CD9C63}.Debug|Any CPU.Build.0 = Debug|Any CPU
		{D0C28540-C40D-1007-8631-80E071CD9C63}.Debug|x64.ActiveCfg = Debug|Any CPU
		{D0C28540-C40D-1007-8631-80E071CD9C63}.Debug|x64.Build.0 = Debug|Any CPU
		{D0C28540-C40D-1007-8631-80E071CD9C63}.Debug|x86.ActiveCfg = Debug|Any CPU
		{D0C28540-C40D-1007-8631-80E071CD9C63}.Debug|x86.Build.0 = Debug|Any CPU
		{D0C28540-C40D-1007-8631-80E071CD9C63}.Release|Any CPU.ActiveCfg = Release|Any CPU
		{D0C28540-C40D-1007-8631-80E071CD9C63}.Release|Any CPU.Build.0 = Release|Any CPU
		{D0C28540-C40D-1007-8631-80E071CD9C63}.Release|x64.ActiveCfg = Release|Any CPU
		{D0C28540-C40D-1007-8631-80E071CD9C63}.Release|x64.Build.0 = Release|Any CPU
		{D0C28540-C40D-1007-8631-80E071CD9C63}.Release|x86.ActiveCfg = Release|Any CPU
		{D0C28540-C40D-1007-8631-80E071CD9C63}.Release|x86.Build.0 = Release|Any CPU
		{7828CA87-2219-4448-917D-28A380647E78}.Debug|Any CPU.ActiveCfg = Debug|Any CPU
		{7828CA87-2219-4448-917D-28A380647E78}.Debug|Any CPU.Build.0 = Debug|Any CPU
		{7828CA87-2219-4448-917D-28A380647E78}.Debug|x64.ActiveCfg = Debug|Any CPU
		{7828CA87-2219-4448-917D-28A380647E78}.Debug|x64.Build.0 = Debug|Any CPU
		{7828CA87-2219-4448-917D-28A380647E78}.Debug|x86.ActiveCfg = Debug|Any CPU
		{7828CA87-2219-4448-917D-28A380647E78}.Debug|x86.Build.0 = Debug|Any CPU
		{7828CA87-2219-4448-917D-28A380647E78}.Release|Any CPU.ActiveCfg = Release|Any CPU
		{7828CA87-2219-4448-917D-28A380647E78}.Release|Any CPU.Build.0 = Release|Any CPU
		{7828CA87-2219-4448-917D-28A380647E78}.Release|x64.ActiveCfg = Release|Any CPU
		{7828CA87-2219-4448-917D-28A380647E78}.Release|x64.Build.0 = Release|Any CPU
		{7828CA87-2219-4448-917D-28A380647E78}.Release|x86.ActiveCfg = Release|Any CPU
		{7828CA87-2219-4448-917D-28A380647E78}.Release|x86.Build.0 = Release|Any CPU
		{10601C81-9D48-4A39-A1E7-03AC10B662C2}.Debug|Any CPU.ActiveCfg = Debug|Any CPU
		{10601C81-9D48-4A39-A1E7-03AC10B662C2}.Debug|Any CPU.Build.0 = Debug|Any CPU
		{10601C81-9D48-4A39-A1E7-03AC10B662C2}.Debug|x64.ActiveCfg = Debug|Any CPU
		{10601C81-9D48-4A39-A1E7-03AC10B662C2}.Debug|x64.Build.0 = Debug|Any CPU
		{10601C81-9D48-4A39-A1E7-03AC10B662C2}.Debug|x86.ActiveCfg = Debug|Any CPU
		{10601C81-9D48-4A39-A1E7-03AC10B662C2}.Debug|x86.Build.0 = Debug|Any CPU
		{10601C81-9D48-4A39-A1E7-03AC10B662C2}.Release|Any CPU.ActiveCfg = Release|Any CPU
		{10601C81-9D48-4A39-A1E7-03AC10B662C2}.Release|Any CPU.Build.0 = Release|Any CPU
		{10601C81-9D48-4A39-A1E7-03AC10B662C2}.Release|x64.ActiveCfg = Release|Any CPU
		{10601C81-9D48-4A39-A1E7-03AC10B662C2}.Release|x64.Build.0 = Release|Any CPU
		{10601C81-9D48-4A39-A1E7-03AC10B662C2}.Release|x86.ActiveCfg = Release|Any CPU
		{10601C81-9D48-4A39-A1E7-03AC10B662C2}.Release|x86.Build.0 = Release|Any CPU
		{41A91C19-F8FD-429E-BE58-8509D0D15050}.Debug|Any CPU.ActiveCfg = Debug|Any CPU
		{41A91C19-F8FD-429E-BE58-8509D0D15050}.Debug|Any CPU.Build.0 = Debug|Any CPU
		{41A91C19-F8FD-429E-BE58-8509D0D15050}.Debug|x64.ActiveCfg = Debug|Any CPU
		{41A91C19-F8FD-429E-BE58-8509D0D15050}.Debug|x64.Build.0 = Debug|Any CPU
		{41A91C19-F8FD-429E-BE58-8509D0D15050}.Debug|x86.ActiveCfg = Debug|Any CPU
		{41A91C19-F8FD-429E-BE58-8509D0D15050}.Debug|x86.Build.0 = Debug|Any CPU
		{41A91C19-F8FD-429E-BE58-8509D0D15050}.Release|Any CPU.ActiveCfg = Release|Any CPU
		{41A91C19-F8FD-429E-BE58-8509D0D15050}.Release|Any CPU.Build.0 = Release|Any CPU
		{41A91C19-F8FD-429E-BE58-8509D0D15050}.Release|x64.ActiveCfg = Release|Any CPU
		{41A91C19-F8FD-429E-BE58-8509D0D15050}.Release|x64.Build.0 = Release|Any CPU
		{41A91C19-F8FD-429E-BE58-8509D0D15050}.Release|x86.ActiveCfg = Release|Any CPU
		{41A91C19-F8FD-429E-BE58-8509D0D15050}.Release|x86.Build.0 = Release|Any CPU
		{D497E142-EED1-4463-AAA7-6E8DC6D50472}.Debug|Any CPU.ActiveCfg = Debug|Any CPU
		{D497E142-EED1-4463-AAA7-6E8DC6D50472}.Debug|Any CPU.Build.0 = Debug|Any CPU
		{D497E142-EED1-4463-AAA7-6E8DC6D50472}.Debug|x64.ActiveCfg = Debug|Any CPU
		{D497E142-EED1-4463-AAA7-6E8DC6D50472}.Debug|x64.Build.0 = Debug|Any CPU
		{D497E142-EED1-4463-AAA7-6E8DC6D50472}.Debug|x86.ActiveCfg = Debug|Any CPU
		{D497E142-EED1-4463-AAA7-6E8DC6D50472}.Debug|x86.Build.0 = Debug|Any CPU
		{D497E142-EED1-4463-AAA7-6E8DC6D50472}.Release|Any CPU.ActiveCfg = Release|Any CPU
		{D497E142-EED1-4463-AAA7-6E8DC6D50472}.Release|Any CPU.Build.0 = Release|Any CPU
		{D497E142-EED1-4463-AAA7-6E8DC6D50472}.Release|x64.ActiveCfg = Release|Any CPU
		{D497E142-EED1-4463-AAA7-6E8DC6D50472}.Release|x64.Build.0 = Release|Any CPU
		{D497E142-EED1-4463-AAA7-6E8DC6D50472}.Release|x86.ActiveCfg = Release|Any CPU
		{D497E142-EED1-4463-AAA7-6E8DC6D50472}.Release|x86.Build.0 = Release|Any CPU
		{AAF8E020-1197-4CE2-8227-9FAAA596919D}.Debug|Any CPU.ActiveCfg = Debug|Any CPU
		{AAF8E020-1197-4CE2-8227-9FAAA596919D}.Debug|Any CPU.Build.0 = Debug|Any CPU
		{AAF8E020-1197-4CE2-8227-9FAAA596919D}.Debug|x64.ActiveCfg = Debug|Any CPU
		{AAF8E020-1197-4CE2-8227-9FAAA596919D}.Debug|x64.Build.0 = Debug|Any CPU
		{AAF8E020-1197-4CE2-8227-9FAAA596919D}.Debug|x86.ActiveCfg = Debug|Any CPU
		{AAF8E020-1197-4CE2-8227-9FAAA596919D}.Debug|x86.Build.0 = Debug|Any CPU
		{AAF8E020-1197-4CE2-8227-9FAAA596919D}.Release|Any CPU.ActiveCfg = Release|Any CPU
		{AAF8E020-1197-4CE2-8227-9FAAA596919D}.Release|Any CPU.Build.0 = Release|Any CPU
		{AAF8E020-1197-4CE2-8227-9FAAA596919D}.Release|x64.ActiveCfg = Release|Any CPU
		{AAF8E020-1197-4CE2-8227-9FAAA596919D}.Release|x64.Build.0 = Release|Any CPU
		{AAF8E020-1197-4CE2-8227-9FAAA596919D}.Release|x86.ActiveCfg = Release|Any CPU
		{AAF8E020-1197-4CE2-8227-9FAAA596919D}.Release|x86.Build.0 = Release|Any CPU
		{F2909E49-8FC8-4EFF-9AA9-4A7E4F64E0E6}.Debug|Any CPU.ActiveCfg = Debug|Any CPU
		{F2909E49-8FC8-4EFF-9AA9-4A7E4F64E0E6}.Debug|Any CPU.Build.0 = Debug|Any CPU
		{F2909E49-8FC8-4EFF-9AA9-4A7E4F64E0E6}.Debug|x64.ActiveCfg = Debug|Any CPU
		{F2909E49-8FC8-4EFF-9AA9-4A7E4F64E0E6}.Debug|x64.Build.0 = Debug|Any CPU
		{F2909E49-8FC8-4EFF-9AA9-4A7E4F64E0E6}.Debug|x86.ActiveCfg = Debug|Any CPU
		{F2909E49-8FC8-4EFF-9AA9-4A7E4F64E0E6}.Debug|x86.Build.0 = Debug|Any CPU
		{F2909E49-8FC8-4EFF-9AA9-4A7E4F64E0E6}.Release|Any CPU.ActiveCfg = Release|Any CPU
		{F2909E49-8FC8-4EFF-9AA9-4A7E4F64E0E6}.Release|Any CPU.Build.0 = Release|Any CPU
		{F2909E49-8FC8-4EFF-9AA9-4A7E4F64E0E6}.Release|x64.ActiveCfg = Release|Any CPU
		{F2909E49-8FC8-4EFF-9AA9-4A7E4F64E0E6}.Release|x64.Build.0 = Release|Any CPU
		{F2909E49-8FC8-4EFF-9AA9-4A7E4F64E0E6}.Release|x86.ActiveCfg = Release|Any CPU
		{F2909E49-8FC8-4EFF-9AA9-4A7E4F64E0E6}.Release|x86.Build.0 = Release|Any CPU
	EndGlobalSection
	GlobalSection(SolutionProperties) = preSolution
		HideSolutionNode = FALSE
	EndGlobalSection
	GlobalSection(ExtensibilityGlobals) = postSolution
		SolutionGuid = {354C84D5-8095-43CF-BEF1-ED2F3BA7983F}
	EndGlobalSection
EndGlobal
